
Microsoft Visual Studio Solution File, Format Version 12.00
# Visual Studio Version 17
VisualStudioVersion = 17.0.31903.59
MinimumVisualStudioVersion = 10.0.40219.1
Project("{2150E333-8FDC-42A3-9474-1A3956D46DE8}") = "src", "src", "{7E4A08C4-8A2D-4FF1-ACAE-09B7151CAE02}"
EndProject
Project("{FAE04EC0-301F-11D3-BF4B-00C04F79EFBC}") = "FitnessWebProject.Web", "src\FitnessWebProject.Web\FitnessWebProject.Web.csproj", "{C38C0814-2DFD-40A6-9F23-4C79A6E229BA}"
EndProject
Global
	GlobalSection(SolutionConfigurationPlatforms) = preSolution
		Debug|Any CPU = Debug|Any CPU
		Release|Any CPU = Release|Any CPU
	EndGlobalSection
	GlobalSection(SolutionProperties) = preSolution
		HideSolutionNode = FALSE
	EndGlobalSection
	GlobalSection(ProjectConfigurationPlatforms) = postSolution
		{C38C0814-2DFD-40A6-9F23-4C79A6E229BA}.Debug|Any CPU.ActiveCfg = Debug|Any CPU
		{C38C0814-2DFD-40A6-9F23-4C79A6E229BA}.Debug|Any CPU.Build.0 = Debug|Any CPU
		{C38C0814-2DFD-40A6-9F23-4C79A6E229BA}.Release|Any CPU.ActiveCfg = Release|Any CPU
		{C38C0814-2DFD-40A6-9F23-4C79A6E229BA}.Release|Any CPU.Build.0 = Release|Any CPU
	EndGlobalSection
	GlobalSection(NestedProjects) = preSolution
		{C38C0814-2DFD-40A6-9F23-4C79A6E229BA} = {7E4A08C4-8A2D-4FF1-ACAE-09B7151CAE02}
	EndGlobalSection
EndGlobal
